{
  "name": "my-portfolio",
  "version": "1.0.0",
  "lockfileVersion": 3,
  "requires": true,
  "packages": {
    "": {
      "name": "my-portfolio",
      "version": "1.0.0",
      "devDependencies": {
        "vite": "file:...",
        "vite-plugin-gh-pages": "..."
      }
    },
    "...": {
      "dev": true
    },
    "node_modules/vite": {
      "resolved": "...",
      "link": true
    },
    "node_modules/vite-plugin-gh-pages": {
      "resolved": "...",
      "link": true
    }
  }
}
